
Microsoft Visual Studio Solution File, Format Version 12.00
# Visual Studio 14
VisualStudioVersion = 14.0.23107.0
MinimumVisualStudioVersion = 10.0.40219.1
Project("{F14B399A-7131-4C87-9E4B-1186C45EF12D}") = "Visual Reports", "Visual Reports\Visual Reports.rptproj", "{884D9314-6814-4E24-B939-25832EF1E64C}"
EndProject
Global
	GlobalSection(SolutionConfigurationPlatforms) = preSolution
		Debug|Default = Debug|Default
		DebugLocal|Default = DebugLocal|Default
		Release|Default = Release|Default
	EndGlobalSection
	GlobalSection(ProjectConfigurationPlatforms) = postSolution
		{884D9314-6814-4E24-B939-25832EF1E64C}.Debug|Default.ActiveCfg = Debug
		{884D9314-6814-4E24-B939-25832EF1E64C}.Debug|Default.Build.0 = Debug
		{884D9314-6814-4E24-B939-25832EF1E64C}.Debug|Default.Deploy.0 = Debug
		{884D9314-6814-4E24-B939-25832EF1E64C}.DebugLocal|Default.ActiveCfg = DebugLocal
		{884D9314-6814-4E24-B939-25832EF1E64C}.DebugLocal|Default.Build.0 = DebugLocal
		{884D9314-6814-4E24-B939-25832EF1E64C}.Release|Default.ActiveCfg = Release
		{884D9314-6814-4E24-B939-25832EF1E64C}.Release|Default.Build.0 = Release
		{884D9314-6814-4E24-B939-25832EF1E64C}.Release|Default.Deploy.0 = Release
	EndGlobalSection
	GlobalSection(SolutionProperties) = preSolution
		HideSolutionNode = FALSE
	EndGlobalSection
EndGlobal
