
Microsoft Visual Studio Solution File, Format Version 12.00
# Visual Studio 14
VisualStudioVersion = 14.0.23107.0
MinimumVisualStudioVersion = 10.0.40219.1
Project("{F14B399A-7131-4C87-9E4B-1186C45EF12D}") = "Wizard Reports", "Wizard Reports\Wizard Reports.rptproj", "{87C107E2-D0F7-4B33-894C-5FD6DD9C4413}"
EndProject
Global
	GlobalSection(SolutionConfigurationPlatforms) = preSolution
		Debug|Default = Debug|Default
		DebugLocal|Default = DebugLocal|Default
		Release|Default = Release|Default
	EndGlobalSection
	GlobalSection(ProjectConfigurationPlatforms) = postSolution
		{87C107E2-D0F7-4B33-894C-5FD6DD9C4413}.Debug|Default.ActiveCfg = Debug
		{87C107E2-D0F7-4B33-894C-5FD6DD9C4413}.Debug|Default.Build.0 = Debug
		{87C107E2-D0F7-4B33-894C-5FD6DD9C4413}.Debug|Default.Deploy.0 = Debug
		{87C107E2-D0F7-4B33-894C-5FD6DD9C4413}.DebugLocal|Default.ActiveCfg = DebugLocal
		{87C107E2-D0F7-4B33-894C-5FD6DD9C4413}.DebugLocal|Default.Build.0 = DebugLocal
		{87C107E2-D0F7-4B33-894C-5FD6DD9C4413}.Release|Default.ActiveCfg = Release
		{87C107E2-D0F7-4B33-894C-5FD6DD9C4413}.Release|Default.Build.0 = Release
		{87C107E2-D0F7-4B33-894C-5FD6DD9C4413}.Release|Default.Deploy.0 = Release
	EndGlobalSection
	GlobalSection(SolutionProperties) = preSolution
		HideSolutionNode = FALSE
	EndGlobalSection
EndGlobal
